
Microsoft Visual Studio Solution File, Format Version 12.00
# Visual Studio Version 17
VisualStudioVersion = 17.3.32819.101
MinimumVisualStudioVersion = 10.0.40219.1
Project("{FAE04EC0-301F-11D3-BF4B-00C04F79EFBC}") = "AsynsCallBackTask1", "AsynsCallBackTask1\AsynsCallBackTask1.csproj", "{847689AD-478F-49EC-939C-408A77E196C7}"
EndProject
Project("{FAE04EC0-301F-11D3-BF4B-00C04F79EFBC}") = "WindowsFormsApp1", "WindowsFormsApp1\WindowsFormsApp1.csproj", "{53478C49-CDC5-471C-A461-D4DBC485487C}"
EndProject
Global
	GlobalSection(SolutionConfigurationPlatforms) = preSolution
		Debug|Any CPU = Debug|Any CPU
		Release|Any CPU = Release|Any CPU
	EndGlobalSection
	GlobalSection(ProjectConfigurationPlatforms) = postSolution
		{847689AD-478F-49EC-939C-408A77E196C7}.Debug|Any CPU.ActiveCfg = Debug|Any CPU
		{847689AD-478F-49EC-939C-408A77E196C7}.Debug|Any CPU.Build.0 = Debug|Any CPU
		{847689AD-478F-49EC-939C-408A77E196C7}.Release|Any CPU.ActiveCfg = Release|Any CPU
		{847689AD-478F-49EC-939C-408A77E196C7}.Release|Any CPU.Build.0 = Release|Any CPU
		{53478C49-CDC5-471C-A461-D4DBC485487C}.Debug|Any CPU.ActiveCfg = Debug|Any CPU
		{53478C49-CDC5-471C-A461-D4DBC485487C}.Debug|Any CPU.Build.0 = Debug|Any CPU
		{53478C49-CDC5-471C-A461-D4DBC485487C}.Release|Any CPU.ActiveCfg = Release|Any CPU
		{53478C49-CDC5-471C-A461-D4DBC485487C}.Release|Any CPU.Build.0 = Release|Any CPU
	EndGlobalSection
	GlobalSection(SolutionProperties) = preSolution
		HideSolutionNode = FALSE
	EndGlobalSection
	GlobalSection(ExtensibilityGlobals) = postSolution
		SolutionGuid = {D6EA029C-A5E5-44AA-8ABC-C562BA1BC0B6}
	EndGlobalSection
EndGlobal
